// !$*UTF8*$!
{
	archiveVersion = 1;
	classes = {
	};
	objectVersion = 56;
	objects = {

/* Begin PBXBuildFile section */
		88BC2D9D2974AB2300180980 /* AuthenticateApp.swift in Sources */ = {isa = PBXBuildFile; fileRef = 88BC2D9C2974AB2300180980 /* AuthenticateApp.swift */; };
		88BC2D9F2974AB2300180980 /* ContentView.swift in Sources */ = {isa = PBXBuildFile; fileRef = 88BC2D9E2974AB2300180980 /* ContentView.swift */; };
		88BC2DA12974AB3200180980 /* Assets.xcassets in Resources */ = {isa = PBXBuildFile; fileRef = 88BC2DA02974AB3200180980 /* Assets.xcassets */; };
		88BC2DA42974AB3200180980 /* Preview Assets.xcassets in Resources */ = {isa = PBXBuildFile; fileRef = 88BC2DA32974AB3200180980 /* Preview Assets.xcassets */; };
		88BC2DB02974AD1B00180980 /* authenticate in Resources */ = {isa = PBXBuildFile; fileRef = 88BC2DAF2974AD1B00180980 /* authenticate */; };
		88BC2DB32974B0CD00180980 /* libssl.1.1.dylib in Frameworks */ = {isa = PBXBuildFile; fileRef = 88BC2DB22974B0CC00180980 /* libssl.1.1.dylib */; };
		88BC2DB42974B0CD00180980 /* libssl.1.1.dylib in Embed Libraries */ = {isa = PBXBuildFile; fileRef = 88BC2DB22974B0CC00180980 /* libssl.1.1.dylib */; settings = {ATTRIBUTES = (CodeSignOnCopy, ); }; };
/* End PBXBuildFile section */

/* Begin PBXCopyFilesBuildPhase section */
		88BC2DB52974B0CD00180980 /* Embed Libraries */ = {
			isa = PBXCopyFilesBuildPhase;
			buildActionMask = 2147483647;
			dstPath = "";
			dstSubfolderSpec = 10;
			files = (
				88BC2DB42974B0CD00180980 /* libssl.1.1.dylib in Embed Libraries */,
			);
			name = "Embed Libraries";
			runOnlyForDeploymentPostprocessing = 0;
		};
/* End PBXCopyFilesBuildPhase section */

/* Begin PBXFileReference section */
		88BC2D992974AB2300180980 /* Authenticate.app */ = {isa = PBXFileReference; explicitFileType = wrapper.application; includeInIndex = 0; path = Authenticate.app; sourceTree = BUILT_PRODUCTS_DIR; };
		88BC2D9C2974AB2300180980 /* AuthenticateApp.swift */ = {isa = PBXFileReference; lastKnownFileType = sourcecode.swift; path = AuthenticateApp.swift; sourceTree = "<group>"; };
		88BC2D9E2974AB2300180980 /* ContentView.swift */ = {isa = PBXFileReference; lastKnownFileType = sourcecode.swift; path = ContentView.swift; sourceTree = "<group>"; };
		88BC2DA02974AB3200180980 /* Assets.xcassets */ = {isa = PBXFileReference; lastKnownFileType = folder.assetcatalog; path = Assets.xcassets; sourceTree = "<group>"; };
		88BC2DA32974AB3200180980 /* Preview Assets.xcassets */ = {isa = PBXFileReference; lastKnownFileType = folder.assetcatalog; path = "Preview Assets.xcassets"; sourceTree = "<group>"; };
		88BC2DA52974AB3200180980 /* Authenticate.entitlements */ = {isa = PBXFileReference; lastKnownFileType = text.plist.entitlements; path = Authenticate.entitlements; sourceTree = "<group>"; };
		88BC2DAF2974AD1B00180980 /* authenticate */ = {isa = PBXFileReference; lastKnownFileType = "compiled.mach-o.executable"; name = authenticate; path = ../../../../target/debug/examples/authenticate; sourceTree = "<group>"; };
		88BC2DB22974B0CC00180980 /* libssl.1.1.dylib */ = {isa = PBXFileReference; lastKnownFileType = "compiled.mach-o.dylib"; name = libssl.1.1.dylib; path = "../../../../../../../../usr/local/Cellar/openssl@1.1/1.1.1s/lib/libssl.1.1.dylib"; sourceTree = "<group>"; };
/* End PBXFileReference section */

/* Begin PBXFrameworksBuildPhase section */
		88BC2D962974AB2300180980 /* Frameworks */ = {
			isa = PBXFrameworksBuildPhase;
			buildActionMask = 2147483647;
			files = (
				88BC2DB32974B0CD00180980 /* libssl.1.1.dylib in Frameworks */,
			);
			runOnlyForDeploymentPostprocessing = 0;
		};
/* End PBXFrameworksBuildPhase section */

/* Begin PBXGroup section */
		88BC2D902974AB2300180980 = {
			isa = PBXGroup;
			children = (
				88BC2DAF2974AD1B00180980 /* authenticate */,
				88BC2D9B2974AB2300180980 /* Authenticate */,
				88BC2D9A2974AB2300180980 /* Products */,
				88BC2DB12974B0CC00180980 /* Frameworks */,
			);
			sourceTree = "<group>";
		};
		88BC2D9A2974AB2300180980 /* Products */ = {
			isa = PBXGroup;
			children = (
				88BC2D992974AB2300180980 /* Authenticate.app */,
			);
			name = Products;
			sourceTree = "<group>";
		};
		88BC2D9B2974AB2300180980 /* Authenticate */ = {
			isa = PBXGroup;
			children = (
				88BC2D9C2974AB2300180980 /* AuthenticateApp.swift */,
				88BC2D9E2974AB2300180980 /* ContentView.swift */,
				88BC2DA02974AB3200180980 /* Assets.xcassets */,
				88BC2DA52974AB3200180980 /* Authenticate.entitlements */,
				88BC2DA22974AB3200180980 /* Preview Content */,
			);
			path = Authenticate;
			sourceTree = "<group>";
		};
		88BC2DA22974AB3200180980 /* Preview Content */ = {
			isa = PBXGroup;
			children = (
				88BC2DA32974AB3200180980 /* Preview Assets.xcassets */,
			);
			path = "Preview Content";
			sourceTree = "<group>";
		};
		88BC2DB12974B0CC00180980 /* Frameworks */ = {
			isa = PBXGroup;
			children = (
				88BC2DB22974B0CC00180980 /* libssl.1.1.dylib */,
			);
			name = Frameworks;
			sourceTree = "<group>";
		};
/* End PBXGroup section */

/* Begin PBXLegacyTarget section */
		88BC2DAB2974AB7600180980 /* rust-binary */ = {
			isa = PBXLegacyTarget;
			buildArgumentsString = "build --example authenticate";
			buildConfigurationList = 88BC2DAC2974AB7600180980 /* Build configuration list for PBXLegacyTarget "rust-binary" */;
			buildPhases = (
			);
			buildToolPath = /usr/bin/cargo;
			buildWorkingDirectory = ../../;
			dependencies = (
			);
			name = "rust-binary";
			passBuildSettingsInEnvironment = 1;
			productName = "rust-binary";
		};
/* End PBXLegacyTarget section */

/* Begin PBXNativeTarget section */
		88BC2D982974AB2300180980 /* Authenticate */ = {
			isa = PBXNativeTarget;
			buildConfigurationList = 88BC2DA82974AB3200180980 /* Build configuration list for PBXNativeTarget "Authenticate" */;
			buildPhases = (
				88BC2D952974AB2300180980 /* Sources */,
				88BC2D962974AB2300180980 /* Frameworks */,
				88BC2D972974AB2300180980 /* Resources */,
				88BC2DB52974B0CD00180980 /* Embed Libraries */,
			);
			buildRules = (
			);
			dependencies = (
			);
			name = Authenticate;
			productName = Authenticate;
			productReference = 88BC2D992974AB2300180980 /* Authenticate.app */;
			productType = "com.apple.product-type.application";
		};
/* End PBXNativeTarget section */

/* Begin PBXProject section */
		88BC2D912974AB2300180980 /* Project object */ = {
			isa = PBXProject;
			attributes = {
				BuildIndependentTargetsInParallel = 1;
				LastSwiftUpdateCheck = 1420;
				LastUpgradeCheck = 1420;
				TargetAttributes = {
					88BC2D982974AB2300180980 = {
						CreatedOnToolsVersion = 14.2;
					};
					88BC2DAB2974AB7600180980 = {
						CreatedOnToolsVersion = 14.2;
					};
				};
			};
			buildConfigurationList = 88BC2D942974AB2300180980 /* Build configuration list for PBXProject "Authenticate" */;
			compatibilityVersion = "Xcode 14.0";
			developmentRegion = en;
			hasScannedForEncodings = 0;
			knownRegions = (
				en,
				Base,
			);
			mainGroup = 88BC2D902974AB2300180980;
			productRefGroup = 88BC2D9A2974AB2300180980 /* Products */;
			projectDirPath = "";
			projectRoot = "";
			targets = (
				88BC2D982974AB2300180980 /* Authenticate */,
				88BC2DAB2974AB7600180980 /* rust-binary */,
			);
		};
/* End PBXProject section */

/* Begin PBXResourcesBuildPhase section */
		88BC2D972974AB2300180980 /* Resources */ = {
			isa = PBXResourcesBuildPhase;
			buildActionMask = 2147483647;
			files = (
				88BC2DB02974AD1B00180980 /* authenticate in Resources */,
				88BC2DA42974AB3200180980 /* Preview Assets.xcassets in Resources */,
				88BC2DA12974AB3200180980 /* Assets.xcassets in Resources */,
			);
			runOnlyForDeploymentPostprocessing = 0;
		};
/* End PBXResourcesBuildPhase section */

/* Begin PBXSourcesBuildPhase section */
		88BC2D952974AB2300180980 /* Sources */ = {
			isa = PBXSourcesBuildPhase;
			buildActionMask = 2147483647;
			files = (
				88BC2D9F2974AB2300180980 /* ContentView.swift in Sources */,
				88BC2D9D2974AB2300180980 /* AuthenticateApp.swift in Sources */,
			);
			runOnlyForDeploymentPostprocessing = 0;
		};
/* End PBXSourcesBuildPhase section */

/* Begin XCBuildConfiguration section */
		88BC2DA62974AB3200180980 /* Debug */ = {
			isa = XCBuildConfiguration;
			buildSettings = {
				ALWAYS_SEARCH_USER_PATHS = NO;
				CLANG_ANALYZER_NONNULL = YES;
				CLANG_ANALYZER_NUMBER_OBJECT_CONVERSION = YES_AGGRESSIVE;
				CLANG_CXX_LANGUAGE_STANDARD = "gnu++20";
				CLANG_ENABLE_MODULES = YES;
				CLANG_ENABLE_OBJC_ARC = YES;
				CLANG_ENABLE_OBJC_WEAK = YES;
				CLANG_WARN_BLOCK_CAPTURE_AUTORELEASING = YES;
				CLANG_WARN_BOOL_CONVERSION = YES;
				CLANG_WARN_COMMA = YES;
				CLANG_WARN_CONSTANT_CONVERSION = YES;
				CLANG_WARN_DEPRECATED_OBJC_IMPLEMENTATIONS = YES;
				CLANG_WARN_DIRECT_OBJC_ISA_USAGE = YES_ERROR;
				CLANG_WARN_DOCUMENTATION_COMMENTS = YES;
				CLANG_WARN_EMPTY_BODY = YES;
				CLANG_WARN_ENUM_CONVERSION = YES;
				CLANG_WARN_INFINITE_RECURSION = YES;
				CLANG_WARN_INT_CONVERSION = YES;
				CLANG_WARN_NON_LITERAL_NULL_CONVERSION = YES;
				CLANG_WARN_OBJC_IMPLICIT_RETAIN_SELF = YES;
				CLANG_WARN_OBJC_LITERAL_CONVERSION = YES;
				CLANG_WARN_OBJC_ROOT_CLASS = YES_ERROR;
				CLANG_WARN_QUOTED_INCLUDE_IN_FRAMEWORK_HEADER = YES;
				CLANG_WARN_RANGE_LOOP_ANALYSIS = YES;
				CLANG_WARN_STRICT_PROTOTYPES = YES;
				CLANG_WARN_SUSPICIOUS_MOVE = YES;
				CLANG_WARN_UNGUARDED_AVAILABILITY = YES_AGGRESSIVE;
				CLANG_WARN_UNREACHABLE_CODE = YES;
				CLANG_WARN__DUPLICATE_METHOD_MATCH = YES;
				COPY_PHASE_STRIP = NO;
				DEBUG_INFORMATION_FORMAT = dwarf;
				ENABLE_STRICT_OBJC_MSGSEND = YES;
				ENABLE_TESTABILITY = YES;
				GCC_C_LANGUAGE_STANDARD = gnu11;
				GCC_DYNAMIC_NO_PIC = NO;
				GCC_NO_COMMON_BLOCKS = YES;
				GCC_OPTIMIZATION_LEVEL = 0;
				GCC_PREPROCESSOR_DEFINITIONS = (
					"DEBUG=1",
					"$(inherited)",
				);
				GCC_WARN_64_TO_32_BIT_CONVERSION = YES;
				GCC_WARN_ABOUT_RETURN_TYPE = YES_ERROR;
				GCC_WARN_UNDECLARED_SELECTOR = YES;
				GCC_WARN_UNINITIALIZED_AUTOS = YES_AGGRESSIVE;
				GCC_WARN_UNUSED_FUNCTION = YES;
				GCC_WARN_UNUSED_VARIABLE = YES;
				MACOSX_DEPLOYMENT_TARGET = 13.0;
				MTL_ENABLE_DEBUG_INFO = INCLUDE_SOURCE;
				MTL_FAST_MATH = YES;
				ONLY_ACTIVE_ARCH = YES;
				SDKROOT = macosx;
				SWIFT_ACTIVE_COMPILATION_CONDITIONS = DEBUG;
				SWIFT_OPTIMIZATION_LEVEL = "-Onone";
			};
			name = Debug;
		};
		88BC2DA72974AB3200180980 /* Release */ = {
			isa = XCBuildConfiguration;
			buildSettings = {
				ALWAYS_SEARCH_USER_PATHS = NO;
				CLANG_ANALYZER_NONNULL = YES;
				CLANG_ANALYZER_NUMBER_OBJECT_CONVERSION = YES_AGGRESSIVE;
				CLANG_CXX_LANGUAGE_STANDARD = "gnu++20";
				CLANG_ENABLE_MODULES = YES;
				CLANG_ENABLE_OBJC_ARC = YES;
				CLANG_ENABLE_OBJC_WEAK = YES;
				CLANG_WARN_BLOCK_CAPTURE_AUTORELEASING = YES;
				CLANG_WARN_BOOL_CONVERSION = YES;
				CLANG_WARN_COMMA = YES;
				CLANG_WARN_CONSTANT_CONVERSION = YES;
				CLANG_WARN_DEPRECATED_OBJC_IMPLEMENTATIONS = YES;
				CLANG_WARN_DIRECT_OBJC_ISA_USAGE = YES_ERROR;
				CLANG_WARN_DOCUMENTATION_COMMENTS = YES;
				CLANG_WARN_EMPTY_BODY = YES;
				CLANG_WARN_ENUM_CONVERSION = YES;
				CLANG_WARN_INFINITE_RECURSION = YES;
				CLANG_WARN_INT_CONVERSION = YES;
				CLANG_WARN_NON_LITERAL_NULL_CONVERSION = YES;
				CLANG_WARN_OBJC_IMPLICIT_RETAIN_SELF = YES;
				CLANG_WARN_OBJC_LITERAL_CONVERSION = YES;
				CLANG_WARN_OBJC_ROOT_CLASS = YES_ERROR;
				CLANG_WARN_QUOTED_INCLUDE_IN_FRAMEWORK_HEADER = YES;
				CLANG_WARN_RANGE_LOOP_ANALYSIS = YES;
				CLANG_WARN_STRICT_PROTOTYPES = YES;
				CLANG_WARN_SUSPICIOUS_MOVE = YES;
				CLANG_WARN_UNGUARDED_AVAILABILITY = YES_AGGRESSIVE;
				CLANG_WARN_UNREACHABLE_CODE = YES;
				CLANG_WARN__DUPLICATE_METHOD_MATCH = YES;
				COPY_PHASE_STRIP = NO;
				DEBUG_INFORMATION_FORMAT = "dwarf-with-dsym";
				ENABLE_NS_ASSERTIONS = NO;
				ENABLE_STRICT_OBJC_MSGSEND = YES;
				GCC_C_LANGUAGE_STANDARD = gnu11;
				GCC_NO_COMMON_BLOCKS = YES;
				GCC_WARN_64_TO_32_BIT_CONVERSION = YES;
				GCC_WARN_ABOUT_RETURN_TYPE = YES_ERROR;
				GCC_WARN_UNDECLARED_SELECTOR = YES;
				GCC_WARN_UNINITIALIZED_AUTOS = YES_AGGRESSIVE;
				GCC_WARN_UNUSED_FUNCTION = YES;
				GCC_WARN_UNUSED_VARIABLE = YES;
				MACOSX_DEPLOYMENT_TARGET = 13.0;
				MTL_ENABLE_DEBUG_INFO = NO;
				MTL_FAST_MATH = YES;
				SDKROOT = macosx;
				SWIFT_COMPILATION_MODE = wholemodule;
				SWIFT_OPTIMIZATION_LEVEL = "-O";
			};
			name = Release;
		};
		88BC2DA92974AB3200180980 /* Debug */ = {
			isa = XCBuildConfiguration;
			buildSettings = {
				ASSETCATALOG_COMPILER_APPICON_NAME = AppIcon;
				ASSETCATALOG_COMPILER_GLOBAL_ACCENT_COLOR_NAME = AccentColor;
				CODE_SIGN_ENTITLEMENTS = Authenticate/Authenticate.entitlements;
				CODE_SIGN_STYLE = Automatic;
				COMBINE_HIDPI_IMAGES = YES;
				CURRENT_PROJECT_VERSION = 1;
				DEVELOPMENT_ASSET_PATHS = "\"Authenticate/Preview Content\"";
				ENABLE_PREVIEWS = YES;
				GENERATE_INFOPLIST_FILE = YES;
				INFOPLIST_KEY_NSHumanReadableCopyright = "";
				LD_RUNPATH_SEARCH_PATHS = (
					"$(inherited)",
					"@executable_path/../Frameworks",
				);
				LIBRARY_SEARCH_PATHS = (
					"$(inherited)",
					"/usr/local/Cellar/openssl@1.1/1.1.1s/lib",
				);
				MARKETING_VERSION = 1.0;
				PRODUCT_BUNDLE_IDENTIFIER = com.kanidm.Authenticate;
				PRODUCT_NAME = "$(TARGET_NAME)";
				SWIFT_EMIT_LOC_STRINGS = YES;
				SWIFT_VERSION = 5.0;
			};
			name = Debug;
		};
		88BC2DAA2974AB3200180980 /* Release */ = {
			isa = XCBuildConfiguration;
			buildSettings = {
				ASSETCATALOG_COMPILER_APPICON_NAME = AppIcon;
				ASSETCATALOG_COMPILER_GLOBAL_ACCENT_COLOR_NAME = AccentColor;
				CODE_SIGN_ENTITLEMENTS = Authenticate/Authenticate.entitlements;
				CODE_SIGN_STYLE = Automatic;
				COMBINE_HIDPI_IMAGES = YES;
				CURRENT_PROJECT_VERSION = 1;
				DEVELOPMENT_ASSET_PATHS = "\"Authenticate/Preview Content\"";
				ENABLE_PREVIEWS = YES;
				GENERATE_INFOPLIST_FILE = YES;
				INFOPLIST_KEY_NSHumanReadableCopyright = "";
				LD_RUNPATH_SEARCH_PATHS = (
					"$(inherited)",
					"@executable_path/../Frameworks",
				);
				LIBRARY_SEARCH_PATHS = (
					"$(inherited)",
					"/usr/local/Cellar/openssl@1.1/1.1.1s/lib",
				);
				MARKETING_VERSION = 1.0;
				PRODUCT_BUNDLE_IDENTIFIER = com.kanidm.Authenticate;
				PRODUCT_NAME = "$(TARGET_NAME)";
				SWIFT_EMIT_LOC_STRINGS = YES;
				SWIFT_VERSION = 5.0;
			};
			name = Release;
		};
		88BC2DAD2974AB7600180980 /* Debug */ = {
			isa = XCBuildConfiguration;
			buildSettings = {
				CODE_SIGN_STYLE = Automatic;
				DEBUGGING_SYMBOLS = YES;
				DEBUG_INFORMATION_FORMAT = dwarf;
				GCC_GENERATE_DEBUGGING_SYMBOLS = YES;
				GCC_OPTIMIZATION_LEVEL = 0;
				OTHER_CFLAGS = "";
				OTHER_LDFLAGS = "";
				PRODUCT_NAME = "$(TARGET_NAME)";
			};
			name = Debug;
		};
		88BC2DAE2974AB7600180980 /* Release */ = {
			isa = XCBuildConfiguration;
			buildSettings = {
				CODE_SIGN_STYLE = Automatic;
				DEBUG_INFORMATION_FORMAT = "dwarf-with-dsym";
				OTHER_CFLAGS = "";
				OTHER_LDFLAGS = "";
				PRODUCT_NAME = "$(TARGET_NAME)";
			};
			name = Release;
		};
/* End XCBuildConfiguration section */

/* Begin XCConfigurationList section */
		88BC2D942974AB2300180980 /* Build configuration list for PBXProject "Authenticate" */ = {
			isa = XCConfigurationList;
			buildConfigurations = (
				88BC2DA62974AB3200180980 /* Debug */,
				88BC2DA72974AB3200180980 /* Release */,
			);
			defaultConfigurationIsVisible = 0;
			defaultConfigurationName = Release;
		};
		88BC2DA82974AB3200180980 /* Build configuration list for PBXNativeTarget "Authenticate" */ = {
			isa = XCConfigurationList;
			buildConfigurations = (
				88BC2DA92974AB3200180980 /* Debug */,
				88BC2DAA2974AB3200180980 /* Release */,
			);
			defaultConfigurationIsVisible = 0;
			defaultConfigurationName = Release;
		};
		88BC2DAC2974AB7600180980 /* Build configuration list for PBXLegacyTarget "rust-binary" */ = {
			isa = XCConfigurationList;
			buildConfigurations = (
				88BC2DAD2974AB7600180980 /* Debug */,
				88BC2DAE2974AB7600180980 /* Release */,
			);
			defaultConfigurationIsVisible = 0;
			defaultConfigurationName = Release;
		};
/* End XCConfigurationList section */
	};
	rootObject = 88BC2D912974AB2300180980 /* Project object */;
}
